
Microsoft Visual Studio Solution File, Format Version 12.00
# Visual Studio Version 16
VisualStudioVersion = 16.0.30517.126
MinimumVisualStudioVersion = 10.0.40219.1
Project("{FAE04EC0-301F-11D3-BF4B-00C04F79EFBC}") = "PersonalityTest", "PersonalityTest\PersonalityTest.csproj", "{87A651E1-2382-4F10-941D-461CCAD3A4C4}"
EndProject
Project("{FAE04EC0-301F-11D3-BF4B-00C04F79EFBC}") = "PersonalityTestSwitch", "PersonalityTestSwitch\PersonalityTestSwitch.csproj", "{887C06D9-5909-4803-AF6E-F786AA42D294}"
EndProject
Project("{FAE04EC0-301F-11D3-BF4B-00C04F79EFBC}") = "GradingIf", "GradingIf\GradingIf.csproj", "{9DBEB50C-B829-46B1-944A-93208E1BEE97}"
EndProject
Project("{FAE04EC0-301F-11D3-BF4B-00C04F79EFBC}") = "GradingSwitch", "GradingSwitch\GradingSwitch.csproj", "{A9E221DE-D35B-490B-8B42-DADDBA8C9E3A}"
EndProject
Global
	GlobalSection(SolutionConfigurationPlatforms) = preSolution
		Debug|Any CPU = Debug|Any CPU
		Release|Any CPU = Release|Any CPU
	EndGlobalSection
	GlobalSection(ProjectConfigurationPlatforms) = postSolution
		{87A651E1-2382-4F10-941D-461CCAD3A4C4}.Debug|Any CPU.ActiveCfg = Debug|Any CPU
		{87A651E1-2382-4F10-941D-461CCAD3A4C4}.Debug|Any CPU.Build.0 = Debug|Any CPU
		{87A651E1-2382-4F10-941D-461CCAD3A4C4}.Release|Any CPU.ActiveCfg = Release|Any CPU
		{87A651E1-2382-4F10-941D-461CCAD3A4C4}.Release|Any CPU.Build.0 = Release|Any CPU
		{887C06D9-5909-4803-AF6E-F786AA42D294}.Debug|Any CPU.ActiveCfg = Debug|Any CPU
		{887C06D9-5909-4803-AF6E-F786AA42D294}.Debug|Any CPU.Build.0 = Debug|Any CPU
		{887C06D9-5909-4803-AF6E-F786AA42D294}.Release|Any CPU.ActiveCfg = Release|Any CPU
		{887C06D9-5909-4803-AF6E-F786AA42D294}.Release|Any CPU.Build.0 = Release|Any CPU
		{9DBEB50C-B829-46B1-944A-93208E1BEE97}.Debug|Any CPU.ActiveCfg = Debug|Any CPU
		{9DBEB50C-B829-46B1-944A-93208E1BEE97}.Debug|Any CPU.Build.0 = Debug|Any CPU
		{9DBEB50C-B829-46B1-944A-93208E1BEE97}.Release|Any CPU.ActiveCfg = Release|Any CPU
		{9DBEB50C-B829-46B1-944A-93208E1BEE97}.Release|Any CPU.Build.0 = Release|Any CPU
		{A9E221DE-D35B-490B-8B42-DADDBA8C9E3A}.Debug|Any CPU.ActiveCfg = Debug|Any CPU
		{A9E221DE-D35B-490B-8B42-DADDBA8C9E3A}.Debug|Any CPU.Build.0 = Debug|Any CPU
		{A9E221DE-D35B-490B-8B42-DADDBA8C9E3A}.Release|Any CPU.ActiveCfg = Release|Any CPU
		{A9E221DE-D35B-490B-8B42-DADDBA8C9E3A}.Release|Any CPU.Build.0 = Release|Any CPU
	EndGlobalSection
	GlobalSection(SolutionProperties) = preSolution
		HideSolutionNode = FALSE
	EndGlobalSection
	GlobalSection(ExtensibilityGlobals) = postSolution
		SolutionGuid = {B4A1E2C0-A2A8-4A7E-A066-5A681B9698C7}
	EndGlobalSection
EndGlobal
